
Microsoft Visual Studio Solution File, Format Version 12.00
# Visual Studio 15
VisualStudioVersion = 15.0.28307.852
MinimumVisualStudioVersion = 10.0.40219.1
Project("{FAE04EC0-301F-11D3-BF4B-00C04F79EFBC}") = "EMPLOYEEPROJECT", "EMPLOYEEPROJECT\EMPLOYEEPROJECT.csproj", "{D9BF1E19-2C10-42A8-B98C-BCF843E71BE7}"
EndProject
Global
	GlobalSection(SolutionConfigurationPlatforms) = preSolution
		Debug|Any CPU = Debug|Any CPU
		Release|Any CPU = Release|Any CPU
	EndGlobalSection
	GlobalSection(ProjectConfigurationPlatforms) = postSolution
		{D9BF1E19-2C10-42A8-B98C-BCF843E71BE7}.Debug|Any CPU.ActiveCfg = Debug|Any CPU
		{D9BF1E19-2C10-42A8-B98C-BCF843E71BE7}.Debug|Any CPU.Build.0 = Debug|Any CPU
		{D9BF1E19-2C10-42A8-B98C-BCF843E71BE7}.Release|Any CPU.ActiveCfg = Release|Any CPU
		{D9BF1E19-2C10-42A8-B98C-BCF843E71BE7}.Release|Any CPU.Build.0 = Release|Any CPU
	EndGlobalSection
	GlobalSection(SolutionProperties) = preSolution
		HideSolutionNode = FALSE
	EndGlobalSection
	GlobalSection(ExtensibilityGlobals) = postSolution
		SolutionGuid = {D5846659-6E7E-4B84-B35B-9F1DBFFBAC66}
	EndGlobalSection
EndGlobal
